// !$*UTF8*$!
{
	archiveVersion = 1;
	classes = {
	};
	objectVersion = 55;
	objects = {

/* Begin PBXBuildFile section */
		1A7024713923ABF15DB1B31E /* Pods_Flix_FlixUITests.framework in Frameworks */ = {isa = PBXBuildFile; fileRef = 729D2B6BE8B3EA4D77299A54 /* Pods_Flix_FlixUITests.framework */; };
		53EDF368ABB04BD131817027 /* Pods_FlixTests.framework in Frameworks */ = {isa = PBXBuildFile; fileRef = D6E4F2B635FBD177D99DDDFB /* Pods_FlixTests.framework */; };
		91D0F320D47390A7F65C1CFF /* Pods_Flix.framework in Frameworks */ = {isa = PBXBuildFile; fileRef = BAE1A0DD4138CE3C25622C68 /* Pods_Flix.framework */; };
		A4127B5F28D81A9D001F26FB /* MovieDetailsViewController.swift in Sources */ = {isa = PBXBuildFile; fileRef = A4127B5E28D81A9D001F26FB /* MovieDetailsViewController.swift */; };
		A422D2D028D8BA47003E0912 /* MovieGridViewController.swift in Sources */ = {isa = PBXBuildFile; fileRef = A422D2CF28D8BA47003E0912 /* MovieGridViewController.swift */; };
		A422D2D228D8BE00003E0912 /* MovieGridCell.swift in Sources */ = {isa = PBXBuildFile; fileRef = A422D2D128D8BE00003E0912 /* MovieGridCell.swift */; };
		A464C3F328CFD8AF00E519B6 /* AppDelegate.swift in Sources */ = {isa = PBXBuildFile; fileRef = A464C3F228CFD8AF00E519B6 /* AppDelegate.swift */; };
		A464C3F528CFD8AF00E519B6 /* SceneDelegate.swift in Sources */ = {isa = PBXBuildFile; fileRef = A464C3F428CFD8AF00E519B6 /* SceneDelegate.swift */; };
		A464C3F728CFD8AF00E519B6 /* ViewController.swift in Sources */ = {isa = PBXBuildFile; fileRef = A464C3F628CFD8AF00E519B6 /* ViewController.swift */; };
		A464C3FA28CFD8AF00E519B6 /* Main.storyboard in Resources */ = {isa = PBXBuildFile; fileRef = A464C3F828CFD8AF00E519B6 /* Main.storyboard */; };
		A464C3FC28CFD8B000E519B6 /* Assets.xcassets in Resources */ = {isa = PBXBuildFile; fileRef = A464C3FB28CFD8B000E519B6 /* Assets.xcassets */; };
		A464C3FF28CFD8B000E519B6 /* LaunchScreen.storyboard in Resources */ = {isa = PBXBuildFile; fileRef = A464C3FD28CFD8B000E519B6 /* LaunchScreen.storyboard */; };
		A464C40A28CFD8B000E519B6 /* FlixTests.swift in Sources */ = {isa = PBXBuildFile; fileRef = A464C40928CFD8B000E519B6 /* FlixTests.swift */; };
		A464C41428CFD8B000E519B6 /* FlixUITests.swift in Sources */ = {isa = PBXBuildFile; fileRef = A464C41328CFD8B000E519B6 /* FlixUITests.swift */; };
		A464C41628CFD8B000E519B6 /* FlixUITestsLaunchTests.swift in Sources */ = {isa = PBXBuildFile; fileRef = A464C41528CFD8B000E519B6 /* FlixUITestsLaunchTests.swift */; };
		A464C42328D0BF1500E519B6 /* MovieCell.swift in Sources */ = {isa = PBXBuildFile; fileRef = A464C42228D0BF1500E519B6 /* MovieCell.swift */; };
		A464C42628D0CA1200E519B6 /* AlamofireImage in Frameworks */ = {isa = PBXBuildFile; productRef = A464C42528D0CA1200E519B6 /* AlamofireImage */; };
/* End PBXBuildFile section */

/* Begin PBXContainerItemProxy section */
		A464C40628CFD8B000E519B6 /* PBXContainerItemProxy */ = {
			isa = PBXContainerItemProxy;
			containerPortal = A464C3E728CFD8AF00E519B6 /* Project object */;
			proxyType = 1;
			remoteGlobalIDString = A464C3EE28CFD8AF00E519B6;
			remoteInfo = Flix;
		};
		A464C41028CFD8B000E519B6 /* PBXContainerItemProxy */ = {
			isa = PBXContainerItemProxy;
			containerPortal = A464C3E728CFD8AF00E519B6 /* Project object */;
			proxyType = 1;
			remoteGlobalIDString = A464C3EE28CFD8AF00E519B6;
			remoteInfo = Flix;
		};
/* End PBXContainerItemProxy section */

/* Begin PBXFileReference section */
		05112C3022EBE5AC4AA2185C /* Pods-Flix-FlixUITests.release.xcconfig */ = {isa = PBXFileReference; includeInIndex = 1; lastKnownFileType = text.xcconfig; name = "Pods-Flix-FlixUITests.release.xcconfig"; path = "Target Support Files/Pods-Flix-FlixUITests/Pods-Flix-FlixUITests.release.xcconfig"; sourceTree = "<group>"; };
		4A6263FBCC8DEB08456180F4 /* Pods-FlixTests.release.xcconfig */ = {isa = PBXFileReference; includeInIndex = 1; lastKnownFileType = text.xcconfig; name = "Pods-FlixTests.release.xcconfig"; path = "Target Support Files/Pods-FlixTests/Pods-FlixTests.release.xcconfig"; sourceTree = "<group>"; };
		729D2B6BE8B3EA4D77299A54 /* Pods_Flix_FlixUITests.framework */ = {isa = PBXFileReference; explicitFileType = wrapper.framework; includeInIndex = 0; path = Pods_Flix_FlixUITests.framework; sourceTree = BUILT_PRODUCTS_DIR; };
		81D1F8D734C6162C43C4D8DA /* Pods-FlixTests.debug.xcconfig */ = {isa = PBXFileReference; includeInIndex = 1; lastKnownFileType = text.xcconfig; name = "Pods-FlixTests.debug.xcconfig"; path = "Target Support Files/Pods-FlixTests/Pods-FlixTests.debug.xcconfig"; sourceTree = "<group>"; };
		A4127B5E28D81A9D001F26FB /* MovieDetailsViewController.swift */ = {isa = PBXFileReference; lastKnownFileType = sourcecode.swift; path = MovieDetailsViewController.swift; sourceTree = "<group>"; };
		A422D2CF28D8BA47003E0912 /* MovieGridViewController.swift */ = {isa = PBXFileReference; lastKnownFileType = sourcecode.swift; path = MovieGridViewController.swift; sourceTree = "<group>"; };
		A422D2D128D8BE00003E0912 /* MovieGridCell.swift */ = {isa = PBXFileReference; lastKnownFileType = sourcecode.swift; path = MovieGridCell.swift; sourceTree = "<group>"; };
		A464C3EF28CFD8AF00E519B6 /* Flix.app */ = {isa = PBXFileReference; explicitFileType = wrapper.application; includeInIndex = 0; path = Flix.app; sourceTree = BUILT_PRODUCTS_DIR; };
		A464C3F228CFD8AF00E519B6 /* AppDelegate.swift */ = {isa = PBXFileReference; lastKnownFileType = sourcecode.swift; path = AppDelegate.swift; sourceTree = "<group>"; };
		A464C3F428CFD8AF00E519B6 /* SceneDelegate.swift */ = {isa = PBXFileReference; lastKnownFileType = sourcecode.swift; path = SceneDelegate.swift; sourceTree = "<group>"; };
		A464C3F628CFD8AF00E519B6 /* ViewController.swift */ = {isa = PBXFileReference; lastKnownFileType = sourcecode.swift; path = ViewController.swift; sourceTree = "<group>"; };
		A464C3F928CFD8AF00E519B6 /* Base */ = {isa = PBXFileReference; lastKnownFileType = file.storyboard; name = Base; path = Base.lproj/Main.storyboard; sourceTree = "<group>"; };
		A464C3FB28CFD8B000E519B6 /* Assets.xcassets */ = {isa = PBXFileReference; lastKnownFileType = folder.assetcatalog; path = Assets.xcassets; sourceTree = "<group>"; };
		A464C3FE28CFD8B000E519B6 /* Base */ = {isa = PBXFileReference; lastKnownFileType = file.storyboard; name = Base; path = Base.lproj/LaunchScreen.storyboard; sourceTree = "<group>"; };
		A464C40028CFD8B000E519B6 /* Info.plist */ = {isa = PBXFileReference; lastKnownFileType = text.plist.xml; path = Info.plist; sourceTree = "<group>"; };
		A464C40528CFD8B000E519B6 /* FlixTests.xctest */ = {isa = PBXFileReference; explicitFileType = wrapper.cfbundle; includeInIndex = 0; path = FlixTests.xctest; sourceTree = BUILT_PRODUCTS_DIR; };
		A464C40928CFD8B000E519B6 /* FlixTests.swift */ = {isa = PBXFileReference; lastKnownFileType = sourcecode.swift; path = FlixTests.swift; sourceTree = "<group>"; };
		A464C40F28CFD8B000E519B6 /* FlixUITests.xctest */ = {isa = PBXFileReference; explicitFileType = wrapper.cfbundle; includeInIndex = 0; path = FlixUITests.xctest; sourceTree = BUILT_PRODUCTS_DIR; };
		A464C41328CFD8B000E519B6 /* FlixUITests.swift */ = {isa = PBXFileReference; lastKnownFileType = sourcecode.swift; path = FlixUITests.swift; sourceTree = "<group>"; };
		A464C41528CFD8B000E519B6 /* FlixUITestsLaunchTests.swift */ = {isa = PBXFileReference; lastKnownFileType = sourcecode.swift; path = FlixUITestsLaunchTests.swift; sourceTree = "<group>"; };
		A464C42228D0BF1500E519B6 /* MovieCell.swift */ = {isa = PBXFileReference; lastKnownFileType = sourcecode.swift; path = MovieCell.swift; sourceTree = "<group>"; };
		BAE1A0DD4138CE3C25622C68 /* Pods_Flix.framework */ = {isa = PBXFileReference; explicitFileType = wrapper.framework; includeInIndex = 0; path = Pods_Flix.framework; sourceTree = BUILT_PRODUCTS_DIR; };
		C02EDC8C2E73CDD453E2B2D0 /* Pods-Flix-FlixUITests.debug.xcconfig */ = {isa = PBXFileReference; includeInIndex = 1; lastKnownFileType = text.xcconfig; name = "Pods-Flix-FlixUITests.debug.xcconfig"; path = "Target Support Files/Pods-Flix-FlixUITests/Pods-Flix-FlixUITests.debug.xcconfig"; sourceTree = "<group>"; };
		C7E8D1C221B1CD876A0B01F1 /* Pods-Flix.release.xcconfig */ = {isa = PBXFileReference; includeInIndex = 1; lastKnownFileType = text.xcconfig; name = "Pods-Flix.release.xcconfig"; path = "Target Support Files/Pods-Flix/Pods-Flix.release.xcconfig"; sourceTree = "<group>"; };
		D6E4F2B635FBD177D99DDDFB /* Pods_FlixTests.framework */ = {isa = PBXFileReference; explicitFileType = wrapper.framework; includeInIndex = 0; path = Pods_FlixTests.framework; sourceTree = BUILT_PRODUCTS_DIR; };
		F8F8181CF6CDF5E2B3E4E6D8 /* Pods-Flix.debug.xcconfig */ = {isa = PBXFileReference; includeInIndex = 1; lastKnownFileType = text.xcconfig; name = "Pods-Flix.debug.xcconfig"; path = "Target Support Files/Pods-Flix/Pods-Flix.debug.xcconfig"; sourceTree = "<group>"; };
/* End PBXFileReference section */

/* Begin PBXFrameworksBuildPhase section */
		A464C3EC28CFD8AF00E519B6 /* Frameworks */ = {
			isa = PBXFrameworksBuildPhase;
			buildActionMask = 2147483647;
			files = (
				A464C42628D0CA1200E519B6 /* AlamofireImage in Frameworks */,
				91D0F320D47390A7F65C1CFF /* Pods_Flix.framework in Frameworks */,
			);
			runOnlyForDeploymentPostprocessing = 0;
		};
		A464C40228CFD8B000E519B6 /* Frameworks */ = {
			isa = PBXFrameworksBuildPhase;
			buildActionMask = 2147483647;
			files = (
				53EDF368ABB04BD131817027 /* Pods_FlixTests.framework in Frameworks */,
			);
			runOnlyForDeploymentPostprocessing = 0;
		};
		A464C40C28CFD8B000E519B6 /* Frameworks */ = {
			isa = PBXFrameworksBuildPhase;
			buildActionMask = 2147483647;
			files = (
				1A7024713923ABF15DB1B31E /* Pods_Flix_FlixUITests.framework in Frameworks */,
			);
			runOnlyForDeploymentPostprocessing = 0;
		};
/* End PBXFrameworksBuildPhase section */

/* Begin PBXGroup section */
		48B4B00B739E44EF8D710915 /* Frameworks */ = {
			isa = PBXGroup;
			children = (
				BAE1A0DD4138CE3C25622C68 /* Pods_Flix.framework */,
				729D2B6BE8B3EA4D77299A54 /* Pods_Flix_FlixUITests.framework */,
				D6E4F2B635FBD177D99DDDFB /* Pods_FlixTests.framework */,
			);
			name = Frameworks;
			sourceTree = "<group>";
		};
		64EBDB4923A2E77011E8E16B /* Pods */ = {
			isa = PBXGroup;
			children = (
				F8F8181CF6CDF5E2B3E4E6D8 /* Pods-Flix.debug.xcconfig */,
				C7E8D1C221B1CD876A0B01F1 /* Pods-Flix.release.xcconfig */,
				C02EDC8C2E73CDD453E2B2D0 /* Pods-Flix-FlixUITests.debug.xcconfig */,
				05112C3022EBE5AC4AA2185C /* Pods-Flix-FlixUITests.release.xcconfig */,
				81D1F8D734C6162C43C4D8DA /* Pods-FlixTests.debug.xcconfig */,
				4A6263FBCC8DEB08456180F4 /* Pods-FlixTests.release.xcconfig */,
			);
			path = Pods;
			sourceTree = "<group>";
		};
		A464C3E628CFD8AF00E519B6 = {
			isa = PBXGroup;
			children = (
				A464C3F128CFD8AF00E519B6 /* Flix */,
				A464C40828CFD8B000E519B6 /* FlixTests */,
				A464C41228CFD8B000E519B6 /* FlixUITests */,
				A464C3F028CFD8AF00E519B6 /* Products */,
				64EBDB4923A2E77011E8E16B /* Pods */,
				48B4B00B739E44EF8D710915 /* Frameworks */,
			);
			sourceTree = "<group>";
		};
		A464C3F028CFD8AF00E519B6 /* Products */ = {
			isa = PBXGroup;
			children = (
				A464C3EF28CFD8AF00E519B6 /* Flix.app */,
				A464C40528CFD8B000E519B6 /* FlixTests.xctest */,
				A464C40F28CFD8B000E519B6 /* FlixUITests.xctest */,
			);
			name = Products;
			sourceTree = "<group>";
		};
		A464C3F128CFD8AF00E519B6 /* Flix */ = {
			isa = PBXGroup;
			children = (
				A464C3F228CFD8AF00E519B6 /* AppDelegate.swift */,
				A464C3F428CFD8AF00E519B6 /* SceneDelegate.swift */,
				A464C3F628CFD8AF00E519B6 /* ViewController.swift */,
				A464C3F828CFD8AF00E519B6 /* Main.storyboard */,
				A422D2D128D8BE00003E0912 /* MovieGridCell.swift */,
				A4127B5E28D81A9D001F26FB /* MovieDetailsViewController.swift */,
				A464C42228D0BF1500E519B6 /* MovieCell.swift */,
				A464C3FB28CFD8B000E519B6 /* Assets.xcassets */,
				A464C3FD28CFD8B000E519B6 /* LaunchScreen.storyboard */,
				A464C40028CFD8B000E519B6 /* Info.plist */,
				A422D2CF28D8BA47003E0912 /* MovieGridViewController.swift */,
			);
			path = Flix;
			sourceTree = "<group>";
		};
		A464C40828CFD8B000E519B6 /* FlixTests */ = {
			isa = PBXGroup;
			children = (
				A464C40928CFD8B000E519B6 /* FlixTests.swift */,
			);
			path = FlixTests;
			sourceTree = "<group>";
		};
		A464C41228CFD8B000E519B6 /* FlixUITests */ = {
			isa = PBXGroup;
			children = (
				A464C41328CFD8B000E519B6 /* FlixUITests.swift */,
				A464C41528CFD8B000E519B6 /* FlixUITestsLaunchTests.swift */,
			);
			path = FlixUITests;
			sourceTree = "<group>";
		};
/* End PBXGroup section */

/* Begin PBXNativeTarget section */
		A464C3EE28CFD8AF00E519B6 /* Flix */ = {
			isa = PBXNativeTarget;
			buildConfigurationList = A464C41928CFD8B000E519B6 /* Build configuration list for PBXNativeTarget "Flix" */;
			buildPhases = (
				65D083F1722EAA1B0036A302 /* [CP] Check Pods Manifest.lock */,
				A464C3EB28CFD8AF00E519B6 /* Sources */,
				A464C3EC28CFD8AF00E519B6 /* Frameworks */,
				A464C3ED28CFD8AF00E519B6 /* Resources */,
				F4F13C365D9D636F7C0E4134 /* [CP] Embed Pods Frameworks */,
			);
			buildRules = (
			);
			dependencies = (
			);
			name = Flix;
			packageProductDependencies = (
				A464C42528D0CA1200E519B6 /* AlamofireImage */,
			);
			productName = Flix;
			productReference = A464C3EF28CFD8AF00E519B6 /* Flix.app */;
			productType = "com.apple.product-type.application";
		};
		A464C40428CFD8B000E519B6 /* FlixTests */ = {
			isa = PBXNativeTarget;
			buildConfigurationList = A464C41C28CFD8B000E519B6 /* Build configuration list for PBXNativeTarget "FlixTests" */;
			buildPhases = (
				8CC558F6F9A99F7266EEA62E /* [CP] Check Pods Manifest.lock */,
				A464C40128CFD8B000E519B6 /* Sources */,
				A464C40228CFD8B000E519B6 /* Frameworks */,
				A464C40328CFD8B000E519B6 /* Resources */,
			);
			buildRules = (
			);
			dependencies = (
				A464C40728CFD8B000E519B6 /* PBXTargetDependency */,
			);
			name = FlixTests;
			productName = FlixTests;
			productReference = A464C40528CFD8B000E519B6 /* FlixTests.xctest */;
			productType = "com.apple.product-type.bundle.unit-test";
		};
		A464C40E28CFD8B000E519B6 /* FlixUITests */ = {
			isa = PBXNativeTarget;
			buildConfigurationList = A464C41F28CFD8B000E519B6 /* Build configuration list for PBXNativeTarget "FlixUITests" */;
			buildPhases = (
				1D4EF5FA1B80DDDB28A0C22C /* [CP] Check Pods Manifest.lock */,
				A464C40B28CFD8B000E519B6 /* Sources */,
				A464C40C28CFD8B000E519B6 /* Frameworks */,
				A464C40D28CFD8B000E519B6 /* Resources */,
				6C9FE8059ED95E2634D4253E /* [CP] Embed Pods Frameworks */,
			);
			buildRules = (
			);
			dependencies = (
				A464C41128CFD8B000E519B6 /* PBXTargetDependency */,
			);
			name = FlixUITests;
			productName = FlixUITests;
			productReference = A464C40F28CFD8B000E519B6 /* FlixUITests.xctest */;
			productType = "com.apple.product-type.bundle.ui-testing";
		};
/* End PBXNativeTarget section */

/* Begin PBXProject section */
		A464C3E728CFD8AF00E519B6 /* Project object */ = {
			isa = PBXProject;
			attributes = {
				BuildIndependentTargetsInParallel = 1;
				LastSwiftUpdateCheck = 1340;
				LastUpgradeCheck = 1340;
				TargetAttributes = {
					A464C3EE28CFD8AF00E519B6 = {
						CreatedOnToolsVersion = 13.4.1;
					};
					A464C40428CFD8B000E519B6 = {
						CreatedOnToolsVersion = 13.4.1;
						TestTargetID = A464C3EE28CFD8AF00E519B6;
					};
					A464C40E28CFD8B000E519B6 = {
						CreatedOnToolsVersion = 13.4.1;
						TestTargetID = A464C3EE28CFD8AF00E519B6;
					};
				};
			};
			buildConfigurationList = A464C3EA28CFD8AF00E519B6 /* Build configuration list for PBXProject "Flix" */;
			compatibilityVersion = "Xcode 13.0";
			developmentRegion = en;
			hasScannedForEncodings = 0;
			knownRegions = (
				en,
				Base,
			);
			mainGroup = A464C3E628CFD8AF00E519B6;
			packageReferences = (
				A464C42428D0CA1200E519B6 /* XCRemoteSwiftPackageReference "AlamofireImage" */,
			);
			productRefGroup = A464C3F028CFD8AF00E519B6 /* Products */;
			projectDirPath = "";
			projectRoot = "";
			targets = (
				A464C3EE28CFD8AF00E519B6 /* Flix */,
				A464C40428CFD8B000E519B6 /* FlixTests */,
				A464C40E28CFD8B000E519B6 /* FlixUITests */,
			);
		};
/* End PBXProject section */

/* Begin PBXResourcesBuildPhase section */
		A464C3ED28CFD8AF00E519B6 /* Resources */ = {
			isa = PBXResourcesBuildPhase;
			buildActionMask = 2147483647;
			files = (
				A464C3FF28CFD8B000E519B6 /* LaunchScreen.storyboard in Resources */,
				A464C3FC28CFD8B000E519B6 /* Assets.xcassets in Resources */,
				A464C3FA28CFD8AF00E519B6 /* Main.storyboard in Resources */,
			);
			runOnlyForDeploymentPostprocessing = 0;
		};
		A464C40328CFD8B000E519B6 /* Resources */ = {
			isa = PBXResourcesBuildPhase;
			buildActionMask = 2147483647;
			files = (
			);
			runOnlyForDeploymentPostprocessing = 0;
		};
		A464C40D28CFD8B000E519B6 /* Resources */ = {
			isa = PBXResourcesBuildPhase;
			buildActionMask = 2147483647;
			files = (
			);
			runOnlyForDeploymentPostprocessing = 0;
		};
/* End PBXResourcesBuildPhase section */

/* Begin PBXShellScriptBuildPhase section */
		1D4EF5FA1B80DDDB28A0C22C /* [CP] Check Pods Manifest.lock */ = {
			isa = PBXShellScriptBuildPhase;
			buildActionMask = 2147483647;
			files = (
			);
			inputFileListPaths = (
			);
			inputPaths = (
				"${PODS_PODFILE_DIR_PATH}/Podfile.lock",
				"${PODS_ROOT}/Manifest.lock",
			);
			name = "[CP] Check Pods Manifest.lock";
			outputFileListPaths = (
			);
			outputPaths = (
				"$(DERIVED_FILE_DIR)/Pods-Flix-FlixUITests-checkManifestLockResult.txt",
			);
			runOnlyForDeploymentPostprocessing = 0;
			shellPath = /bin/sh;
			shellScript = "diff \"${PODS_PODFILE_DIR_PATH}/Podfile.lock\" \"${PODS_ROOT}/Manifest.lock\" > /dev/null\nif [ $? != 0 ] ; then\n    # print error to STDERR\n    echo \"error: The sandbox is not in sync with the Podfile.lock. Run 'pod install' or update your CocoaPods installation.\" >&2\n    exit 1\nfi\n# This output is used by Xcode 'outputs' to avoid re-running this script phase.\necho \"SUCCESS\" > \"${SCRIPT_OUTPUT_FILE_0}\"\n";
			showEnvVarsInLog = 0;
		};
		65D083F1722EAA1B0036A302 /* [CP] Check Pods Manifest.lock */ = {
			isa = PBXShellScriptBuildPhase;
			buildActionMask = 2147483647;
			files = (
			);
			inputFileListPaths = (
			);
			inputPaths = (
				"${PODS_PODFILE_DIR_PATH}/Podfile.lock",
				"${PODS_ROOT}/Manifest.lock",
			);
			name = "[CP] Check Pods Manifest.lock";
			outputFileListPaths = (
			);
			outputPaths = (
				"$(DERIVED_FILE_DIR)/Pods-Flix-checkManifestLockResult.txt",
			);
			runOnlyForDeploymentPostprocessing = 0;
			shellPath = /bin/sh;
			shellScript = "diff \"${PODS_PODFILE_DIR_PATH}/Podfile.lock\" \"${PODS_ROOT}/Manifest.lock\" > /dev/null\nif [ $? != 0 ] ; then\n    # print error to STDERR\n    echo \"error: The sandbox is not in sync with the Podfile.lock. Run 'pod install' or update your CocoaPods installation.\" >&2\n    exit 1\nfi\n# This output is used by Xcode 'outputs' to avoid re-running this script phase.\necho \"SUCCESS\" > \"${SCRIPT_OUTPUT_FILE_0}\"\n";
			showEnvVarsInLog = 0;
		};
		6C9FE8059ED95E2634D4253E /* [CP] Embed Pods Frameworks */ = {
			isa = PBXShellScriptBuildPhase;
			buildActionMask = 2147483647;
			files = (
			);
			inputFileListPaths = (
				"${PODS_ROOT}/Target Support Files/Pods-Flix-FlixUITests/Pods-Flix-FlixUITests-frameworks-${CONFIGURATION}-input-files.xcfilelist",
			);
			name = "[CP] Embed Pods Frameworks";
			outputFileListPaths = (
				"${PODS_ROOT}/Target Support Files/Pods-Flix-FlixUITests/Pods-Flix-FlixUITests-frameworks-${CONFIGURATION}-output-files.xcfilelist",
			);
			runOnlyForDeploymentPostprocessing = 0;
			shellPath = /bin/sh;
			shellScript = "\"${PODS_ROOT}/Target Support Files/Pods-Flix-FlixUITests/Pods-Flix-FlixUITests-frameworks.sh\"\n";
			showEnvVarsInLog = 0;
		};
		8CC558F6F9A99F7266EEA62E /* [CP] Check Pods Manifest.lock */ = {
			isa = PBXShellScriptBuildPhase;
			buildActionMask = 2147483647;
			files = (
			);
			inputFileListPaths = (
			);
			inputPaths = (
				"${PODS_PODFILE_DIR_PATH}/Podfile.lock",
				"${PODS_ROOT}/Manifest.lock",
			);
			name = "[CP] Check Pods Manifest.lock";
			outputFileListPaths = (
			);
			outputPaths = (
				"$(DERIVED_FILE_DIR)/Pods-FlixTests-checkManifestLockResult.txt",
			);
			runOnlyForDeploymentPostprocessing = 0;
			shellPath = /bin/sh;
			shellScript = "diff \"${PODS_PODFILE_DIR_PATH}/Podfile.lock\" \"${PODS_ROOT}/Manifest.lock\" > /dev/null\nif [ $? != 0 ] ; then\n    # print error to STDERR\n    echo \"error: The sandbox is not in sync with the Podfile.lock. Run 'pod install' or update your CocoaPods installation.\" >&2\n    exit 1\nfi\n# This output is used by Xcode 'outputs' to avoid re-running this script phase.\necho \"SUCCESS\" > \"${SCRIPT_OUTPUT_FILE_0}\"\n";
			showEnvVarsInLog = 0;
		};
		F4F13C365D9D636F7C0E4134 /* [CP] Embed Pods Frameworks */ = {
			isa = PBXShellScriptBuildPhase;
			buildActionMask = 2147483647;
			files = (
			);
			inputFileListPaths = (
				"${PODS_ROOT}/Target Support Files/Pods-Flix/Pods-Flix-frameworks-${CONFIGURATION}-input-files.xcfilelist",
			);
			name = "[CP] Embed Pods Frameworks";
			outputFileListPaths = (
				"${PODS_ROOT}/Target Support Files/Pods-Flix/Pods-Flix-frameworks-${CONFIGURATION}-output-files.xcfilelist",
			);
			runOnlyForDeploymentPostprocessing = 0;
			shellPath = /bin/sh;
			shellScript = "\"${PODS_ROOT}/Target Support Files/Pods-Flix/Pods-Flix-frameworks.sh\"\n";
			showEnvVarsInLog = 0;
		};
/* End PBXShellScriptBuildPhase section */

/* Begin PBXSourcesBuildPhase section */
		A464C3EB28CFD8AF00E519B6 /* Sources */ = {
			isa = PBXSourcesBuildPhase;
			buildActionMask = 2147483647;
			files = (
				A4127B5F28D81A9D001F26FB /* MovieDetailsViewController.swift in Sources */,
				A464C3F728CFD8AF00E519B6 /* ViewController.swift in Sources */,
				A464C3F328CFD8AF00E519B6 /* AppDelegate.swift in Sources */,
				A464C42328D0BF1500E519B6 /* MovieCell.swift in Sources */,
				A464C3F528CFD8AF00E519B6 /* SceneDelegate.swift in Sources */,
				A422D2D028D8BA47003E0912 /* MovieGridViewController.swift in Sources */,
				A422D2D228D8BE00003E0912 /* MovieGridCell.swift in Sources */,
			);
			runOnlyForDeploymentPostprocessing = 0;
		};
		A464C40128CFD8B000E519B6 /* Sources */ = {
			isa = PBXSourcesBuildPhase;
			buildActionMask = 2147483647;
			files = (
				A464C40A28CFD8B000E519B6 /* FlixTests.swift in Sources */,
			);
			runOnlyForDeploymentPostprocessing = 0;
		};
		A464C40B28CFD8B000E519B6 /* Sources */ = {
			isa = PBXSourcesBuildPhase;
			buildActionMask = 2147483647;
			files = (
				A464C41428CFD8B000E519B6 /* FlixUITests.swift in Sources */,
				A464C41628CFD8B000E519B6 /* FlixUITestsLaunchTests.swift in Sources */,
			);
			runOnlyForDeploymentPostprocessing = 0;
		};
/* End PBXSourcesBuildPhase section */

/* Begin PBXTargetDependency section */
		A464C40728CFD8B000E519B6 /* PBXTargetDependency */ = {
			isa = PBXTargetDependency;
			target = A464C3EE28CFD8AF00E519B6 /* Flix */;
			targetProxy = A464C40628CFD8B000E519B6 /* PBXContainerItemProxy */;
		};
		A464C41128CFD8B000E519B6 /* PBXTargetDependency */ = {
			isa = PBXTargetDependency;
			target = A464C3EE28CFD8AF00E519B6 /* Flix */;
			targetProxy = A464C41028CFD8B000E519B6 /* PBXContainerItemProxy */;
		};
/* End PBXTargetDependency section */

/* Begin PBXVariantGroup section */
		A464C3F828CFD8AF00E519B6 /* Main.storyboard */ = {
			isa = PBXVariantGroup;
			children = (
				A464C3F928CFD8AF00E519B6 /* Base */,
			);
			name = Main.storyboard;
			sourceTree = "<group>";
		};
		A464C3FD28CFD8B000E519B6 /* LaunchScreen.storyboard */ = {
			isa = PBXVariantGroup;
			children = (
				A464C3FE28CFD8B000E519B6 /* Base */,
			);
			name = LaunchScreen.storyboard;
			sourceTree = "<group>";
		};
/* End PBXVariantGroup section */

/* Begin XCBuildConfiguration section */
		A464C41728CFD8B000E519B6 /* Debug */ = {
			isa = XCBuildConfiguration;
			buildSettings = {
				ALWAYS_SEARCH_USER_PATHS = NO;
				CLANG_ANALYZER_NONNULL = YES;
				CLANG_ANALYZER_NUMBER_OBJECT_CONVERSION = YES_AGGRESSIVE;
				CLANG_CXX_LANGUAGE_STANDARD = "gnu++17";
				CLANG_ENABLE_MODULES = YES;
				CLANG_ENABLE_OBJC_ARC = YES;
				CLANG_ENABLE_OBJC_WEAK = YES;
				CLANG_WARN_BLOCK_CAPTURE_AUTORELEASING = YES;
				CLANG_WARN_BOOL_CONVERSION = YES;
				CLANG_WARN_COMMA = YES;
				CLANG_WARN_CONSTANT_CONVERSION = YES;
				CLANG_WARN_DEPRECATED_OBJC_IMPLEMENTATIONS = YES;
				CLANG_WARN_DIRECT_OBJC_ISA_USAGE = YES_ERROR;
				CLANG_WARN_DOCUMENTATION_COMMENTS = YES;
				CLANG_WARN_EMPTY_BODY = YES;
				CLANG_WARN_ENUM_CONVERSION = YES;
				CLANG_WARN_INFINITE_RECURSION = YES;
				CLANG_WARN_INT_CONVERSION = YES;
				CLANG_WARN_NON_LITERAL_NULL_CONVERSION = YES;
				CLANG_WARN_OBJC_IMPLICIT_RETAIN_SELF = YES;
				CLANG_WARN_OBJC_LITERAL_CONVERSION = YES;
				CLANG_WARN_OBJC_ROOT_CLASS = YES_ERROR;
				CLANG_WARN_QUOTED_INCLUDE_IN_FRAMEWORK_HEADER = YES;
				CLANG_WARN_RANGE_LOOP_ANALYSIS = YES;
				CLANG_WARN_STRICT_PROTOTYPES = YES;
				CLANG_WARN_SUSPICIOUS_MOVE = YES;
				CLANG_WARN_UNGUARDED_AVAILABILITY = YES_AGGRESSIVE;
				CLANG_WARN_UNREACHABLE_CODE = YES;
				CLANG_WARN__DUPLICATE_METHOD_MATCH = YES;
				COPY_PHASE_STRIP = NO;
				DEBUG_INFORMATION_FORMAT = dwarf;
				ENABLE_STRICT_OBJC_MSGSEND = YES;
				ENABLE_TESTABILITY = YES;
				GCC_C_LANGUAGE_STANDARD = gnu11;
				GCC_DYNAMIC_NO_PIC = NO;
				GCC_NO_COMMON_BLOCKS = YES;
				GCC_OPTIMIZATION_LEVEL = 0;
				GCC_PREPROCESSOR_DEFINITIONS = (
					"DEBUG=1",
					"$(inherited)",
				);
				GCC_WARN_64_TO_32_BIT_CONVERSION = YES;
				GCC_WARN_ABOUT_RETURN_TYPE = YES_ERROR;
				GCC_WARN_UNDECLARED_SELECTOR = YES;
				GCC_WARN_UNINITIALIZED_AUTOS = YES_AGGRESSIVE;
				GCC_WARN_UNUSED_FUNCTION = YES;
				GCC_WARN_UNUSED_VARIABLE = YES;
				IPHONEOS_DEPLOYMENT_TARGET = 15.5;
				MTL_ENABLE_DEBUG_INFO = INCLUDE_SOURCE;
				MTL_FAST_MATH = YES;
				ONLY_ACTIVE_ARCH = YES;
				SDKROOT = iphoneos;
				SWIFT_ACTIVE_COMPILATION_CONDITIONS = DEBUG;
				SWIFT_OPTIMIZATION_LEVEL = "-Onone";
			};
			name = Debug;
		};
		A464C41828CFD8B000E519B6 /* Release */ = {
			isa = XCBuildConfiguration;
			buildSettings = {
				ALWAYS_SEARCH_USER_PATHS = NO;
				CLANG_ANALYZER_NONNULL = YES;
				CLANG_ANALYZER_NUMBER_OBJECT_CONVERSION = YES_AGGRESSIVE;
				CLANG_CXX_LANGUAGE_STANDARD = "gnu++17";
				CLANG_ENABLE_MODULES = YES;
				CLANG_ENABLE_OBJC_ARC = YES;
				CLANG_ENABLE_OBJC_WEAK = YES;
				CLANG_WARN_BLOCK_CAPTURE_AUTORELEASING = YES;
				CLANG_WARN_BOOL_CONVERSION = YES;
				CLANG_WARN_COMMA = YES;
				CLANG_WARN_CONSTANT_CONVERSION = YES;
				CLANG_WARN_DEPRECATED_OBJC_IMPLEMENTATIONS = YES;
				CLANG_WARN_DIRECT_OBJC_ISA_USAGE = YES_ERROR;
				CLANG_WARN_DOCUMENTATION_COMMENTS = YES;
				CLANG_WARN_EMPTY_BODY = YES;
				CLANG_WARN_ENUM_CONVERSION = YES;
				CLANG_WARN_INFINITE_RECURSION = YES;
				CLANG_WARN_INT_CONVERSION = YES;
				CLANG_WARN_NON_LITERAL_NULL_CONVERSION = YES;
				CLANG_WARN_OBJC_IMPLICIT_RETAIN_SELF = YES;
				CLANG_WARN_OBJC_LITERAL_CONVERSION = YES;
				CLANG_WARN_OBJC_ROOT_CLASS = YES_ERROR;
				CLANG_WARN_QUOTED_INCLUDE_IN_FRAMEWORK_HEADER = YES;
				CLANG_WARN_RANGE_LOOP_ANALYSIS = YES;
				CLANG_WARN_STRICT_PROTOTYPES = YES;
				CLANG_WARN_SUSPICIOUS_MOVE = YES;
				CLANG_WARN_UNGUARDED_AVAILABILITY = YES_AGGRESSIVE;
				CLANG_WARN_UNREACHABLE_CODE = YES;
				CLANG_WARN__DUPLICATE_METHOD_MATCH = YES;
				COPY_PHASE_STRIP = NO;
				DEBUG_INFORMATION_FORMAT = "dwarf-with-dsym";
				ENABLE_NS_ASSERTIONS = NO;
				ENABLE_STRICT_OBJC_MSGSEND = YES;
				GCC_C_LANGUAGE_STANDARD = gnu11;
				GCC_NO_COMMON_BLOCKS = YES;
				GCC_WARN_64_TO_32_BIT_CONVERSION = YES;
				GCC_WARN_ABOUT_RETURN_TYPE = YES_ERROR;
				GCC_WARN_UNDECLARED_SELECTOR = YES;
				GCC_WARN_UNINITIALIZED_AUTOS = YES_AGGRESSIVE;
				GCC_WARN_UNUSED_FUNCTION = YES;
				GCC_WARN_UNUSED_VARIABLE = YES;
				IPHONEOS_DEPLOYMENT_TARGET = 15.5;
				MTL_ENABLE_DEBUG_INFO = NO;
				MTL_FAST_MATH = YES;
				SDKROOT = iphoneos;
				SWIFT_COMPILATION_MODE = wholemodule;
				SWIFT_OPTIMIZATION_LEVEL = "-O";
				VALIDATE_PRODUCT = YES;
			};
			name = Release;
		};
		A464C41A28CFD8B000E519B6 /* Debug */ = {
			isa = XCBuildConfiguration;
			baseConfigurationReference = F8F8181CF6CDF5E2B3E4E6D8 /* Pods-Flix.debug.xcconfig */;
			buildSettings = {
				ASSETCATALOG_COMPILER_APPICON_NAME = AppIcon;
				ASSETCATALOG_COMPILER_GLOBAL_ACCENT_COLOR_NAME = AccentColor;
				CODE_SIGN_STYLE = Automatic;
				CURRENT_PROJECT_VERSION = 1;
				DEVELOPMENT_TEAM = 5HBQS7LHB4;
				GENERATE_INFOPLIST_FILE = YES;
				INFOPLIST_FILE = Flix/Info.plist;
				INFOPLIST_KEY_UIApplicationSupportsIndirectInputEvents = YES;
				INFOPLIST_KEY_UILaunchStoryboardName = LaunchScreen;
				INFOPLIST_KEY_UIMainStoryboardFile = Main;
				INFOPLIST_KEY_UISupportedInterfaceOrientations_iPad = "UIInterfaceOrientationPortrait UIInterfaceOrientationPortraitUpsideDown UIInterfaceOrientationLandscapeLeft UIInterfaceOrientationLandscapeRight";
				INFOPLIST_KEY_UISupportedInterfaceOrientations_iPhone = "UIInterfaceOrientationPortrait UIInterfaceOrientationLandscapeLeft UIInterfaceOrientationLandscapeRight";
				LD_RUNPATH_SEARCH_PATHS = (
					"$(inherited)",
					"@executable_path/Frameworks",
				);
				MARKETING_VERSION = 1.0;
				PRODUCT_BUNDLE_IDENTIFIER = memo.com.Flix222;
				PRODUCT_NAME = "$(TARGET_NAME)";
				SWIFT_EMIT_LOC_STRINGS = YES;
				SWIFT_VERSION = 5.0;
				TARGETED_DEVICE_FAMILY = "1,2";
			};
			name = Debug;
		};
		A464C41B28CFD8B000E519B6 /* Release */ = {
			isa = XCBuildConfiguration;
			baseConfigurationReference = C7E8D1C221B1CD876A0B01F1 /* Pods-Flix.release.xcconfig */;
			buildSettings = {
				ASSETCATALOG_COMPILER_APPICON_NAME = AppIcon;
				ASSETCATALOG_COMPILER_GLOBAL_ACCENT_COLOR_NAME = AccentColor;
				CODE_SIGN_STYLE = Automatic;
				CURRENT_PROJECT_VERSION = 1;
				DEVELOPMENT_TEAM = 5HBQS7LHB4;
				GENERATE_INFOPLIST_FILE = YES;
				INFOPLIST_FILE = Flix/Info.plist;
				INFOPLIST_KEY_UIApplicationSupportsIndirectInputEvents = YES;
				INFOPLIST_KEY_UILaunchStoryboardName = LaunchScreen;
				INFOPLIST_KEY_UIMainStoryboardFile = Main;
				INFOPLIST_KEY_UISupportedInterfaceOrientations_iPad = "UIInterfaceOrientationPortrait UIInterfaceOrientationPortraitUpsideDown UIInterfaceOrientationLandscapeLeft UIInterfaceOrientationLandscapeRight";
				INFOPLIST_KEY_UISupportedInterfaceOrientations_iPhone = "UIInterfaceOrientationPortrait UIInterfaceOrientationLandscapeLeft UIInterfaceOrientationLandscapeRight";
				LD_RUNPATH_SEARCH_PATHS = (
					"$(inherited)",
					"@executable_path/Frameworks",
				);
				MARKETING_VERSION = 1.0;
				PRODUCT_BUNDLE_IDENTIFIER = memo.com.Flix222;
				PRODUCT_NAME = "$(TARGET_NAME)";
				SWIFT_EMIT_LOC_STRINGS = YES;
				SWIFT_VERSION = 5.0;
				TARGETED_DEVICE_FAMILY = "1,2";
			};
			name = Release;
		};
		A464C41D28CFD8B000E519B6 /* Debug */ = {
			isa = XCBuildConfiguration;
			baseConfigurationReference = 81D1F8D734C6162C43C4D8DA /* Pods-FlixTests.debug.xcconfig */;
			buildSettings = {
				ALWAYS_EMBED_SWIFT_STANDARD_LIBRARIES = YES;
				BUNDLE_LOADER = "$(TEST_HOST)";
				CODE_SIGN_STYLE = Automatic;
				CURRENT_PROJECT_VERSION = 1;
				DEVELOPMENT_TEAM = 5HBQS7LHB4;
				GENERATE_INFOPLIST_FILE = YES;
				IPHONEOS_DEPLOYMENT_TARGET = 15.5;
				MARKETING_VERSION = 1.0;
				PRODUCT_BUNDLE_IDENTIFIER = memo.com.FlixTests;
				PRODUCT_NAME = "$(TARGET_NAME)";
				SWIFT_EMIT_LOC_STRINGS = NO;
				SWIFT_VERSION = 5.0;
				TARGETED_DEVICE_FAMILY = "1,2";
				TEST_HOST = "$(BUILT_PRODUCTS_DIR)/Flix.app/Flix";
			};
			name = Debug;
		};
		A464C41E28CFD8B000E519B6 /* Release */ = {
			isa = XCBuildConfiguration;
			baseConfigurationReference = 4A6263FBCC8DEB08456180F4 /* Pods-FlixTests.release.xcconfig */;
			buildSettings = {
				ALWAYS_EMBED_SWIFT_STANDARD_LIBRARIES = YES;
				BUNDLE_LOADER = "$(TEST_HOST)";
				CODE_SIGN_STYLE = Automatic;
				CURRENT_PROJECT_VERSION = 1;
				DEVELOPMENT_TEAM = 5HBQS7LHB4;
				GENERATE_INFOPLIST_FILE = YES;
				IPHONEOS_DEPLOYMENT_TARGET = 15.5;
				MARKETING_VERSION = 1.0;
				PRODUCT_BUNDLE_IDENTIFIER = memo.com.FlixTests;
				PRODUCT_NAME = "$(TARGET_NAME)";
				SWIFT_EMIT_LOC_STRINGS = NO;
				SWIFT_VERSION = 5.0;
				TARGETED_DEVICE_FAMILY = "1,2";
				TEST_HOST = "$(BUILT_PRODUCTS_DIR)/Flix.app/Flix";
			};
			name = Release;
		};
		A464C42028CFD8B000E519B6 /* Debug */ = {
			isa = XCBuildConfiguration;
			baseConfigurationReference = C02EDC8C2E73CDD453E2B2D0 /* Pods-Flix-FlixUITests.debug.xcconfig */;
			buildSettings = {
				ALWAYS_EMBED_SWIFT_STANDARD_LIBRARIES = YES;
				CODE_SIGN_STYLE = Automatic;
				CURRENT_PROJECT_VERSION = 1;
				DEVELOPMENT_TEAM = 5HBQS7LHB4;
				GENERATE_INFOPLIST_FILE = YES;
				MARKETING_VERSION = 1.0;
				PRODUCT_BUNDLE_IDENTIFIER = memo.com.FlixUITests;
				PRODUCT_NAME = "$(TARGET_NAME)";
				SWIFT_EMIT_LOC_STRINGS = NO;
				SWIFT_VERSION = 5.0;
				TARGETED_DEVICE_FAMILY = "1,2";
				TEST_TARGET_NAME = Flix;
			};
			name = Debug;
		};
		A464C42128CFD8B000E519B6 /* Release */ = {
			isa = XCBuildConfiguration;
			baseConfigurationReference = 05112C3022EBE5AC4AA2185C /* Pods-Flix-FlixUITests.release.xcconfig */;
			buildSettings = {
				ALWAYS_EMBED_SWIFT_STANDARD_LIBRARIES = YES;
				CODE_SIGN_STYLE = Automatic;
				CURRENT_PROJECT_VERSION = 1;
				DEVELOPMENT_TEAM = 5HBQS7LHB4;
				GENERATE_INFOPLIST_FILE = YES;
				MARKETING_VERSION = 1.0;
				PRODUCT_BUNDLE_IDENTIFIER = memo.com.FlixUITests;
				PRODUCT_NAME = "$(TARGET_NAME)";
				SWIFT_EMIT_LOC_STRINGS = NO;
				SWIFT_VERSION = 5.0;
				TARGETED_DEVICE_FAMILY = "1,2";
				TEST_TARGET_NAME = Flix;
			};
			name = Release;
		};
/* End XCBuildConfiguration section */

/* Begin XCConfigurationList section */
		A464C3EA28CFD8AF00E519B6 /* Build configuration list for PBXProject "Flix" */ = {
			isa = XCConfigurationList;
			buildConfigurations = (
				A464C41728CFD8B000E519B6 /* Debug */,
				A464C41828CFD8B000E519B6 /* Release */,
			);
			defaultConfigurationIsVisible = 0;
			defaultConfigurationName = Release;
		};
		A464C41928CFD8B000E519B6 /* Build configuration list for PBXNativeTarget "Flix" */ = {
			isa = XCConfigurationList;
			buildConfigurations = (
				A464C41A28CFD8B000E519B6 /* Debug */,
				A464C41B28CFD8B000E519B6 /* Release */,
			);
			defaultConfigurationIsVisible = 0;
			defaultConfigurationName = Release;
		};
		A464C41C28CFD8B000E519B6 /* Build configuration list for PBXNativeTarget "FlixTests" */ = {
			isa = XCConfigurationList;
			buildConfigurations = (
				A464C41D28CFD8B000E519B6 /* Debug */,
				A464C41E28CFD8B000E519B6 /* Release */,
			);
			defaultConfigurationIsVisible = 0;
			defaultConfigurationName = Release;
		};
		A464C41F28CFD8B000E519B6 /* Build configuration list for PBXNativeTarget "FlixUITests" */ = {
			isa = XCConfigurationList;
			buildConfigurations = (
				A464C42028CFD8B000E519B6 /* Debug */,
				A464C42128CFD8B000E519B6 /* Release */,
			);
			defaultConfigurationIsVisible = 0;
			defaultConfigurationName = Release;
		};
/* End XCConfigurationList section */

/* Begin XCRemoteSwiftPackageReference section */
		A464C42428D0CA1200E519B6 /* XCRemoteSwiftPackageReference "AlamofireImage" */ = {
			isa = XCRemoteSwiftPackageReference;
			repositoryURL = "https://github.com/Alamofire/AlamofireImage";
			requirement = {
				kind = upToNextMajorVersion;
				minimumVersion = 4.0.0;
			};
		};
/* End XCRemoteSwiftPackageReference section */

/* Begin XCSwiftPackageProductDependency section */
		A464C42528D0CA1200E519B6 /* AlamofireImage */ = {
			isa = XCSwiftPackageProductDependency;
			package = A464C42428D0CA1200E519B6 /* XCRemoteSwiftPackageReference "AlamofireImage" */;
			productName = AlamofireImage;
		};
/* End XCSwiftPackageProductDependency section */
	};
	rootObject = A464C3E728CFD8AF00E519B6 /* Project object */;
}
